
Microsoft Visual Studio Solution File, Format Version 12.00
# Visual Studio 14
VisualStudioVersion = 14.0.25420.1
MinimumVisualStudioVersion = 10.0.40219.1
Project("{2150E333-8FDC-42A3-9474-1A3956D46DE8}") = "Web", "Web", "{6DCD39E9-3914-44FA-B02A-DC0B00734D67}"
EndProject
Project("{2150E333-8FDC-42A3-9474-1A3956D46DE8}") = "Data", "Data", "{ADB3AB17-2F85-4B33-B2A0-14FBEC7738A4}"
EndProject
Project("{2150E333-8FDC-42A3-9474-1A3956D46DE8}") = "Tests", "Tests", "{04F1D20F-2B33-4348-815C-682C13AC5EFD}"
EndProject
Project("{FAE04EC0-301F-11D3-BF4B-00C04F79EFBC}") = "DogeNews.Data.Models.Tests", "Tests\DogeNews.Data.Models.Tests\DogeNews.Data.Models.Tests.csproj", "{846204F8-5692-4CC9-A79B-0B3AA00294BA}"
EndProject
Project("{FAE04EC0-301F-11D3-BF4B-00C04F79EFBC}") = "DogeNews.Data.Tests", "Tests\DogeNews.Data.Tests\DogeNews.Data.Tests.csproj", "{D540063E-43D5-4894-98C5-A2D995B577C1}"
EndProject
Project("{FAE04EC0-301F-11D3-BF4B-00C04F79EFBC}") = "DogeNews.Web.Models.Tests", "Tests\DogeNews.Web.Models.Tests\DogeNews.Web.Models.Tests.csproj", "{305B27D3-B421-41F2-8D54-384212935A7B}"
EndProject
Project("{2150E333-8FDC-42A3-9474-1A3956D46DE8}") = "Common", "Common", "{BBCBA7EC-7DC7-4843-B8C8-CBFB8760DEC8}"
EndProject
Project("{FAE04EC0-301F-11D3-BF4B-00C04F79EFBC}") = "DogeNews.Web.DataSources.Tests", "Tests\DogeNews.Web.DataSources.Tests\DogeNews.Web.DataSources.Tests.csproj", "{35047780-B415-4C6A-8130-D394FA9820F0}"
EndProject
Project("{FAE04EC0-301F-11D3-BF4B-00C04F79EFBC}") = "DogeNews.Web.Mvp.Tests", "Tests\DogeNews.Web.Mvp.Tests\DogeNews.Web.Mvp.Tests.csproj", "{B3895DBF-FC1B-458C-B58E-E7018EF8C803}"
EndProject
Project("{2150E333-8FDC-42A3-9474-1A3956D46DE8}") = "Services", "Services", "{A7BD5C29-EBEB-44BF-A2C5-7948E2BFCE1C}"
EndProject
Project("{FAE04EC0-301F-11D3-BF4B-00C04F79EFBC}") = "DogeNews.Web.DataSources", "Src\Web\DogeNews.Web.DataSources\DogeNews.Web.DataSources.csproj", "{50C68F0E-347B-4E17-AD6C-4D034702333C}"
EndProject
Project("{FAE04EC0-301F-11D3-BF4B-00C04F79EFBC}") = "DogeNews.Web.Identity", "Src\Web\DogeNews.Web.Identity\DogeNews.Web.Identity.csproj", "{AB6FDA54-6EAF-4605-8AEB-2A40FF697C33}"
EndProject
Project("{FAE04EC0-301F-11D3-BF4B-00C04F79EFBC}") = "DogeNews.Web.Infrastructure", "Src\Web\DogeNews.Web.Infrastructure\DogeNews.Web.Infrastructure.csproj", "{40862603-390D-4DD3-B892-B69021DE3A18}"
EndProject
Project("{FAE04EC0-301F-11D3-BF4B-00C04F79EFBC}") = "DogeNews.Web.Models", "Src\Web\DogeNews.Web.Models\DogeNews.Web.Models.csproj", "{C013BB66-E626-4D31-AB5D-922732FEDD4D}"
EndProject
Project("{FAE04EC0-301F-11D3-BF4B-00C04F79EFBC}") = "DogeNews.Web.Mvp", "Src\Web\DogeNews.Web.Mvp\DogeNews.Web.Mvp.csproj", "{F96F1B49-6B93-457A-9C23-F1507BAE8A0B}"
EndProject
Project("{FAE04EC0-301F-11D3-BF4B-00C04F79EFBC}") = "DogeNews.Data", "Src\Data\DogeNews.Data\DogeNews.Data.csproj", "{D764F077-94E9-4C97-86A1-C523472C6AC8}"
EndProject
Project("{FAE04EC0-301F-11D3-BF4B-00C04F79EFBC}") = "DogeNews.Data.Models", "Src\Data\DogeNews.Data.Models\DogeNews.Data.Models.csproj", "{6BFA72F8-752D-4E6A-B936-6100028FE2DD}"
EndProject
Project("{FAE04EC0-301F-11D3-BF4B-00C04F79EFBC}") = "DogeNews.Common", "Src\Common\DogeNews.Common\DogeNews.Common.csproj", "{5FD6DC3F-321D-456A-9DC4-0010EBEBB22B}"
EndProject
Project("{2150E333-8FDC-42A3-9474-1A3956D46DE8}") = "Src", "Src", "{D8E93A8E-85E3-493B-95E4-D208058B2CAB}"
EndProject
Project("{FAE04EC0-301F-11D3-BF4B-00C04F79EFBC}") = "DogeNews.Services.Common", "Src\Services\DogeNews.Services.Common\DogeNews.Services.Common.csproj", "{1B5F4317-E184-4680-9080-2CABA9854C66}"
EndProject
Project("{FAE04EC0-301F-11D3-BF4B-00C04F79EFBC}") = "DogeNews.Services.Data", "Src\Services\DogeNews.Services.Data\DogeNews.Services.Data.csproj", "{B7E1A355-4F75-45A3-8039-F68029B3538D}"
EndProject
Project("{FAE04EC0-301F-11D3-BF4B-00C04F79EFBC}") = "DogeNews.Services.Http", "Src\Services\DogeNews.Services.Http\DogeNews.Services.Http.csproj", "{53AE22CE-9D7E-4EE9-A8B0-9103E3476829}"
EndProject
Project("{FAE04EC0-301F-11D3-BF4B-00C04F79EFBC}") = "DogeNews.Web", "Src\Web\DogeNews.Web\DogeNews.Web.csproj", "{35715B91-19FA-4AA1-B9A9-01C82C1FF592}"
EndProject
Project("{FAE04EC0-301F-11D3-BF4B-00C04F79EFBC}") = "DogeNews.Services.Common.Tests", "Tests\DogeNews.Services.Common.Tests\DogeNews.Services.Common.Tests.csproj", "{1C58DFA7-6CF6-40CD-8E4C-4924B6E5806F}"
EndProject
Project("{FAE04EC0-301F-11D3-BF4B-00C04F79EFBC}") = "DogeNews.Services.Data.Tests", "Tests\DogeNews.Services.Data.Tests\DogeNews.Services.Data.Tests.csproj", "{4734C19C-035A-4DD7-9CF2-8B2DE5FE9145}"
EndProject
Project("{FAE04EC0-301F-11D3-BF4B-00C04F79EFBC}") = "DogeNews.Services.Http.Tests", "Tests\DogeNews.Services.Http.Tests\DogeNews.Services.Http.Tests.csproj", "{2E82D7FB-F4C3-4EE4-A1D3-ECC0CD4C60B7}"
EndProject
Global
	GlobalSection(SolutionConfigurationPlatforms) = preSolution
		Debug|Any CPU = Debug|Any CPU
		Release|Any CPU = Release|Any CPU
	EndGlobalSection
	GlobalSection(ProjectConfigurationPlatforms) = postSolution
		{846204F8-5692-4CC9-A79B-0B3AA00294BA}.Debug|Any CPU.ActiveCfg = Debug|Any CPU
		{846204F8-5692-4CC9-A79B-0B3AA00294BA}.Debug|Any CPU.Build.0 = Debug|Any CPU
		{846204F8-5692-4CC9-A79B-0B3AA00294BA}.Release|Any CPU.ActiveCfg = Release|Any CPU
		{846204F8-5692-4CC9-A79B-0B3AA00294BA}.Release|Any CPU.Build.0 = Release|Any CPU
		{D540063E-43D5-4894-98C5-A2D995B577C1}.Debug|Any CPU.ActiveCfg = Debug|Any CPU
		{D540063E-43D5-4894-98C5-A2D995B577C1}.Debug|Any CPU.Build.0 = Debug|Any CPU
		{D540063E-43D5-4894-98C5-A2D995B577C1}.Release|Any CPU.ActiveCfg = Release|Any CPU
		{D540063E-43D5-4894-98C5-A2D995B577C1}.Release|Any CPU.Build.0 = Release|Any CPU
		{305B27D3-B421-41F2-8D54-384212935A7B}.Debug|Any CPU.ActiveCfg = Debug|Any CPU
		{305B27D3-B421-41F2-8D54-384212935A7B}.Debug|Any CPU.Build.0 = Debug|Any CPU
		{305B27D3-B421-41F2-8D54-384212935A7B}.Release|Any CPU.ActiveCfg = Release|Any CPU
		{305B27D3-B421-41F2-8D54-384212935A7B}.Release|Any CPU.Build.0 = Release|Any CPU
		{35047780-B415-4C6A-8130-D394FA9820F0}.Debug|Any CPU.ActiveCfg = Debug|Any CPU
		{35047780-B415-4C6A-8130-D394FA9820F0}.Debug|Any CPU.Build.0 = Debug|Any CPU
		{35047780-B415-4C6A-8130-D394FA9820F0}.Release|Any CPU.ActiveCfg = Release|Any CPU
		{35047780-B415-4C6A-8130-D394FA9820F0}.Release|Any CPU.Build.0 = Release|Any CPU
		{B3895DBF-FC1B-458C-B58E-E7018EF8C803}.Debug|Any CPU.ActiveCfg = Debug|Any CPU
		{B3895DBF-FC1B-458C-B58E-E7018EF8C803}.Debug|Any CPU.Build.0 = Debug|Any CPU
		{B3895DBF-FC1B-458C-B58E-E7018EF8C803}.Release|Any CPU.ActiveCfg = Release|Any CPU
		{B3895DBF-FC1B-458C-B58E-E7018EF8C803}.Release|Any CPU.Build.0 = Release|Any CPU
		{50C68F0E-347B-4E17-AD6C-4D034702333C}.Debug|Any CPU.ActiveCfg = Debug|Any CPU
		{50C68F0E-347B-4E17-AD6C-4D034702333C}.Debug|Any CPU.Build.0 = Debug|Any CPU
		{50C68F0E-347B-4E17-AD6C-4D034702333C}.Release|Any CPU.ActiveCfg = Release|Any CPU
		{50C68F0E-347B-4E17-AD6C-4D034702333C}.Release|Any CPU.Build.0 = Release|Any CPU
		{AB6FDA54-6EAF-4605-8AEB-2A40FF697C33}.Debug|Any CPU.ActiveCfg = Debug|Any CPU
		{AB6FDA54-6EAF-4605-8AEB-2A40FF697C33}.Debug|Any CPU.Build.0 = Debug|Any CPU
		{AB6FDA54-6EAF-4605-8AEB-2A40FF697C33}.Release|Any CPU.ActiveCfg = Release|Any CPU
		{AB6FDA54-6EAF-4605-8AEB-2A40FF697C33}.Release|Any CPU.Build.0 = Release|Any CPU
		{40862603-390D-4DD3-B892-B69021DE3A18}.Debug|Any CPU.ActiveCfg = Debug|Any CPU
		{40862603-390D-4DD3-B892-B69021DE3A18}.Debug|Any CPU.Build.0 = Debug|Any CPU
		{40862603-390D-4DD3-B892-B69021DE3A18}.Release|Any CPU.ActiveCfg = Release|Any CPU
		{40862603-390D-4DD3-B892-B69021DE3A18}.Release|Any CPU.Build.0 = Release|Any CPU
		{C013BB66-E626-4D31-AB5D-922732FEDD4D}.Debug|Any CPU.ActiveCfg = Debug|Any CPU
		{C013BB66-E626-4D31-AB5D-922732FEDD4D}.Debug|Any CPU.Build.0 = Debug|Any CPU
		{C013BB66-E626-4D31-AB5D-922732FEDD4D}.Release|Any CPU.ActiveCfg = Release|Any CPU
		{C013BB66-E626-4D31-AB5D-922732FEDD4D}.Release|Any CPU.Build.0 = Release|Any CPU
		{F96F1B49-6B93-457A-9C23-F1507BAE8A0B}.Debug|Any CPU.ActiveCfg = Debug|Any CPU
		{F96F1B49-6B93-457A-9C23-F1507BAE8A0B}.Debug|Any CPU.Build.0 = Debug|Any CPU
		{F96F1B49-6B93-457A-9C23-F1507BAE8A0B}.Release|Any CPU.ActiveCfg = Release|Any CPU
		{F96F1B49-6B93-457A-9C23-F1507BAE8A0B}.Release|Any CPU.Build.0 = Release|Any CPU
		{D764F077-94E9-4C97-86A1-C523472C6AC8}.Debug|Any CPU.ActiveCfg = Debug|Any CPU
		{D764F077-94E9-4C97-86A1-C523472C6AC8}.Debug|Any CPU.Build.0 = Debug|Any CPU
		{D764F077-94E9-4C97-86A1-C523472C6AC8}.Release|Any CPU.ActiveCfg = Release|Any CPU
		{D764F077-94E9-4C97-86A1-C523472C6AC8}.Release|Any CPU.Build.0 = Release|Any CPU
		{6BFA72F8-752D-4E6A-B936-6100028FE2DD}.Debug|Any CPU.ActiveCfg = Debug|Any CPU
		{6BFA72F8-752D-4E6A-B936-6100028FE2DD}.Debug|Any CPU.Build.0 = Debug|Any CPU
		{6BFA72F8-752D-4E6A-B936-6100028FE2DD}.Release|Any CPU.ActiveCfg = Release|Any CPU
		{6BFA72F8-752D-4E6A-B936-6100028FE2DD}.Release|Any CPU.Build.0 = Release|Any CPU
		{5FD6DC3F-321D-456A-9DC4-0010EBEBB22B}.Debug|Any CPU.ActiveCfg = Debug|Any CPU
		{5FD6DC3F-321D-456A-9DC4-0010EBEBB22B}.Debug|Any CPU.Build.0 = Debug|Any CPU
		{5FD6DC3F-321D-456A-9DC4-0010EBEBB22B}.Release|Any CPU.ActiveCfg = Release|Any CPU
		{5FD6DC3F-321D-456A-9DC4-0010EBEBB22B}.Release|Any CPU.Build.0 = Release|Any CPU
		{1B5F4317-E184-4680-9080-2CABA9854C66}.Debug|Any CPU.ActiveCfg = Debug|Any CPU
		{1B5F4317-E184-4680-9080-2CABA9854C66}.Debug|Any CPU.Build.0 = Debug|Any CPU
		{1B5F4317-E184-4680-9080-2CABA9854C66}.Release|Any CPU.ActiveCfg = Release|Any CPU
		{1B5F4317-E184-4680-9080-2CABA9854C66}.Release|Any CPU.Build.0 = Release|Any CPU
		{B7E1A355-4F75-45A3-8039-F68029B3538D}.Debug|Any CPU.ActiveCfg = Debug|Any CPU
		{B7E1A355-4F75-45A3-8039-F68029B3538D}.Debug|Any CPU.Build.0 = Debug|Any CPU
		{B7E1A355-4F75-45A3-8039-F68029B3538D}.Release|Any CPU.ActiveCfg = Release|Any CPU
		{B7E1A355-4F75-45A3-8039-F68029B3538D}.Release|Any CPU.Build.0 = Release|Any CPU
		{53AE22CE-9D7E-4EE9-A8B0-9103E3476829}.Debug|Any CPU.ActiveCfg = Debug|Any CPU
		{53AE22CE-9D7E-4EE9-A8B0-9103E3476829}.Debug|Any CPU.Build.0 = Debug|Any CPU
		{53AE22CE-9D7E-4EE9-A8B0-9103E3476829}.Release|Any CPU.ActiveCfg = Release|Any CPU
		{53AE22CE-9D7E-4EE9-A8B0-9103E3476829}.Release|Any CPU.Build.0 = Release|Any CPU
		{35715B91-19FA-4AA1-B9A9-01C82C1FF592}.Debug|Any CPU.ActiveCfg = Debug|Any CPU
		{35715B91-19FA-4AA1-B9A9-01C82C1FF592}.Debug|Any CPU.Build.0 = Debug|Any CPU
		{35715B91-19FA-4AA1-B9A9-01C82C1FF592}.Release|Any CPU.ActiveCfg = Release|Any CPU
		{35715B91-19FA-4AA1-B9A9-01C82C1FF592}.Release|Any CPU.Build.0 = Release|Any CPU
		{1C58DFA7-6CF6-40CD-8E4C-4924B6E5806F}.Debug|Any CPU.ActiveCfg = Debug|Any CPU
		{1C58DFA7-6CF6-40CD-8E4C-4924B6E5806F}.Debug|Any CPU.Build.0 = Debug|Any CPU
		{1C58DFA7-6CF6-40CD-8E4C-4924B6E5806F}.Release|Any CPU.ActiveCfg = Release|Any CPU
		{1C58DFA7-6CF6-40CD-8E4C-4924B6E5806F}.Release|Any CPU.Build.0 = Release|Any CPU
		{4734C19C-035A-4DD7-9CF2-8B2DE5FE9145}.Debug|Any CPU.ActiveCfg = Debug|Any CPU
		{4734C19C-035A-4DD7-9CF2-8B2DE5FE9145}.Debug|Any CPU.Build.0 = Debug|Any CPU
		{4734C19C-035A-4DD7-9CF2-8B2DE5FE9145}.Release|Any CPU.ActiveCfg = Release|Any CPU
		{4734C19C-035A-4DD7-9CF2-8B2DE5FE9145}.Release|Any CPU.Build.0 = Release|Any CPU
		{2E82D7FB-F4C3-4EE4-A1D3-ECC0CD4C60B7}.Debug|Any CPU.ActiveCfg = Debug|Any CPU
		{2E82D7FB-F4C3-4EE4-A1D3-ECC0CD4C60B7}.Debug|Any CPU.Build.0 = Debug|Any CPU
		{2E82D7FB-F4C3-4EE4-A1D3-ECC0CD4C60B7}.Release|Any CPU.ActiveCfg = Release|Any CPU
		{2E82D7FB-F4C3-4EE4-A1D3-ECC0CD4C60B7}.Release|Any CPU.Build.0 = Release|Any CPU
	EndGlobalSection
	GlobalSection(SolutionProperties) = preSolution
		HideSolutionNode = FALSE
	EndGlobalSection
	GlobalSection(NestedProjects) = preSolution
		{6DCD39E9-3914-44FA-B02A-DC0B00734D67} = {D8E93A8E-85E3-493B-95E4-D208058B2CAB}
		{ADB3AB17-2F85-4B33-B2A0-14FBEC7738A4} = {D8E93A8E-85E3-493B-95E4-D208058B2CAB}
		{846204F8-5692-4CC9-A79B-0B3AA00294BA} = {04F1D20F-2B33-4348-815C-682C13AC5EFD}
		{D540063E-43D5-4894-98C5-A2D995B577C1} = {04F1D20F-2B33-4348-815C-682C13AC5EFD}
		{305B27D3-B421-41F2-8D54-384212935A7B} = {04F1D20F-2B33-4348-815C-682C13AC5EFD}
		{BBCBA7EC-7DC7-4843-B8C8-CBFB8760DEC8} = {D8E93A8E-85E3-493B-95E4-D208058B2CAB}
		{35047780-B415-4C6A-8130-D394FA9820F0} = {04F1D20F-2B33-4348-815C-682C13AC5EFD}
		{B3895DBF-FC1B-458C-B58E-E7018EF8C803} = {04F1D20F-2B33-4348-815C-682C13AC5EFD}
		{A7BD5C29-EBEB-44BF-A2C5-7948E2BFCE1C} = {D8E93A8E-85E3-493B-95E4-D208058B2CAB}
		{50C68F0E-347B-4E17-AD6C-4D034702333C} = {6DCD39E9-3914-44FA-B02A-DC0B00734D67}
		{AB6FDA54-6EAF-4605-8AEB-2A40FF697C33} = {6DCD39E9-3914-44FA-B02A-DC0B00734D67}
		{40862603-390D-4DD3-B892-B69021DE3A18} = {6DCD39E9-3914-44FA-B02A-DC0B00734D67}
		{C013BB66-E626-4D31-AB5D-922732FEDD4D} = {6DCD39E9-3914-44FA-B02A-DC0B00734D67}
		{F96F1B49-6B93-457A-9C23-F1507BAE8A0B} = {6DCD39E9-3914-44FA-B02A-DC0B00734D67}
		{D764F077-94E9-4C97-86A1-C523472C6AC8} = {ADB3AB17-2F85-4B33-B2A0-14FBEC7738A4}
		{6BFA72F8-752D-4E6A-B936-6100028FE2DD} = {ADB3AB17-2F85-4B33-B2A0-14FBEC7738A4}
		{5FD6DC3F-321D-456A-9DC4-0010EBEBB22B} = {BBCBA7EC-7DC7-4843-B8C8-CBFB8760DEC8}
		{1B5F4317-E184-4680-9080-2CABA9854C66} = {A7BD5C29-EBEB-44BF-A2C5-7948E2BFCE1C}
		{B7E1A355-4F75-45A3-8039-F68029B3538D} = {A7BD5C29-EBEB-44BF-A2C5-7948E2BFCE1C}
		{53AE22CE-9D7E-4EE9-A8B0-9103E3476829} = {A7BD5C29-EBEB-44BF-A2C5-7948E2BFCE1C}
		{35715B91-19FA-4AA1-B9A9-01C82C1FF592} = {6DCD39E9-3914-44FA-B02A-DC0B00734D67}
		{1C58DFA7-6CF6-40CD-8E4C-4924B6E5806F} = {04F1D20F-2B33-4348-815C-682C13AC5EFD}
		{4734C19C-035A-4DD7-9CF2-8B2DE5FE9145} = {04F1D20F-2B33-4348-815C-682C13AC5EFD}
		{2E82D7FB-F4C3-4EE4-A1D3-ECC0CD4C60B7} = {04F1D20F-2B33-4348-815C-682C13AC5EFD}
	EndGlobalSection
EndGlobal
