
Microsoft Visual Studio Solution File, Format Version 12.00
# Visual Studio 14
VisualStudioVersion = 14.0.25420.1
MinimumVisualStudioVersion = 10.0.40219.1
Project("{FAE04EC0-301F-11D3-BF4B-00C04F79EFBC}") = "DogeNews.Web", "DogeNews.Web\DogeNews.Web.csproj", "{60DC9E1B-CAC3-41A8-A9E7-1BC5A0B2A251}"
EndProject
Project("{FAE04EC0-301F-11D3-BF4B-00C04F79EFBC}") = "DogeNews.Data", "DogeNews.Data\DogeNews.Data.csproj", "{416FDD9E-556D-4CB9-8EF1-2E26B8BF0DCA}"
EndProject
Project("{FAE04EC0-301F-11D3-BF4B-00C04F79EFBC}") = "DogeNews.Data.Models", "DogeNews.Data.Models\DogeNews.Data.Models.csproj", "{F745F4AE-3C37-415C-8F67-0D621C9D19D7}"
EndProject
Project("{2150E333-8FDC-42A3-9474-1A3956D46DE8}") = "Tests", "Tests", "{30A7D633-CF8E-4488-B454-0A041C0C7233}"
EndProject
Project("{2150E333-8FDC-42A3-9474-1A3956D46DE8}") = "Data", "Data", "{44F9B562-6D49-4188-818E-E8F9C500FADC}"
EndProject
Project("{2150E333-8FDC-42A3-9474-1A3956D46DE8}") = "Web", "Web", "{E2EAF55F-1EBC-4604-8AAF-82D7C2F8E3B1}"
EndProject
Project("{FAE04EC0-301F-11D3-BF4B-00C04F79EFBC}") = "DogeNews.Web.Models", "DogeNews.Web.Models\DogeNews.Web.Models.csproj", "{FAD62FE0-38FF-4C48-8663-D6036B0E83E0}"
EndProject
Project("{FAE04EC0-301F-11D3-BF4B-00C04F79EFBC}") = "DogeNews.Web.Providers", "DogeNews.Web.Providers\DogeNews.Web.Providers.csproj", "{97C698FA-B5FC-48BE-9D3F-2AE4486DF947}"
EndProject
Project("{FAE04EC0-301F-11D3-BF4B-00C04F79EFBC}") = "DogeNews.Web.Services.Tests", "DogeNews.Web.Services.Tests\DogeNews.Web.Services.Tests.csproj", "{3E29FAE6-8C81-4761-A60F-C01F7F1C7F93}"
EndProject
Project("{FAE04EC0-301F-11D3-BF4B-00C04F79EFBC}") = "DogeNews.Web.Providers.Tests", "DogeNews.Web.Providers.Tests\DogeNews.Web.Providers.Tests.csproj", "{3702DCE9-3F70-4A70-B921-5E3B17E2DFF0}"
EndProject
Project("{FAE04EC0-301F-11D3-BF4B-00C04F79EFBC}") = "DogeNews.Data.Models.Tests", "DogeNews.Data.Models.Tests\DogeNews.Data.Models.Tests.csproj", "{DF1973F5-8A03-42A2-A764-B71BCB095324}"
EndProject
Project("{FAE04EC0-301F-11D3-BF4B-00C04F79EFBC}") = "DogeNews.Web.Common", "DogeNews.Web.Common\DogeNews.Web.Common.csproj", "{C86E9A76-AE29-459C-B02C-46E3466A3146}"
EndProject
Project("{FAE04EC0-301F-11D3-BF4B-00C04F79EFBC}") = "DogeNews.Web.Services", "DogeNews.Web.Services\DogeNews.Web.Services.csproj", "{6DE8EAF8-E3D7-4EFA-BB4A-1A10EE4AD909}"
EndProject
Global
	GlobalSection(SolutionConfigurationPlatforms) = preSolution
		Debug|Any CPU = Debug|Any CPU
		Release|Any CPU = Release|Any CPU
	EndGlobalSection
	GlobalSection(ProjectConfigurationPlatforms) = postSolution
		{60DC9E1B-CAC3-41A8-A9E7-1BC5A0B2A251}.Debug|Any CPU.ActiveCfg = Debug|Any CPU
		{60DC9E1B-CAC3-41A8-A9E7-1BC5A0B2A251}.Debug|Any CPU.Build.0 = Debug|Any CPU
		{60DC9E1B-CAC3-41A8-A9E7-1BC5A0B2A251}.Release|Any CPU.ActiveCfg = Release|Any CPU
		{60DC9E1B-CAC3-41A8-A9E7-1BC5A0B2A251}.Release|Any CPU.Build.0 = Release|Any CPU
		{416FDD9E-556D-4CB9-8EF1-2E26B8BF0DCA}.Debug|Any CPU.ActiveCfg = Debug|Any CPU
		{416FDD9E-556D-4CB9-8EF1-2E26B8BF0DCA}.Debug|Any CPU.Build.0 = Debug|Any CPU
		{416FDD9E-556D-4CB9-8EF1-2E26B8BF0DCA}.Release|Any CPU.ActiveCfg = Release|Any CPU
		{416FDD9E-556D-4CB9-8EF1-2E26B8BF0DCA}.Release|Any CPU.Build.0 = Release|Any CPU
		{F745F4AE-3C37-415C-8F67-0D621C9D19D7}.Debug|Any CPU.ActiveCfg = Debug|Any CPU
		{F745F4AE-3C37-415C-8F67-0D621C9D19D7}.Debug|Any CPU.Build.0 = Debug|Any CPU
		{F745F4AE-3C37-415C-8F67-0D621C9D19D7}.Release|Any CPU.ActiveCfg = Release|Any CPU
		{F745F4AE-3C37-415C-8F67-0D621C9D19D7}.Release|Any CPU.Build.0 = Release|Any CPU
		{FAD62FE0-38FF-4C48-8663-D6036B0E83E0}.Debug|Any CPU.ActiveCfg = Debug|Any CPU
		{FAD62FE0-38FF-4C48-8663-D6036B0E83E0}.Debug|Any CPU.Build.0 = Debug|Any CPU
		{FAD62FE0-38FF-4C48-8663-D6036B0E83E0}.Release|Any CPU.ActiveCfg = Release|Any CPU
		{FAD62FE0-38FF-4C48-8663-D6036B0E83E0}.Release|Any CPU.Build.0 = Release|Any CPU
		{97C698FA-B5FC-48BE-9D3F-2AE4486DF947}.Debug|Any CPU.ActiveCfg = Debug|Any CPU
		{97C698FA-B5FC-48BE-9D3F-2AE4486DF947}.Debug|Any CPU.Build.0 = Debug|Any CPU
		{97C698FA-B5FC-48BE-9D3F-2AE4486DF947}.Release|Any CPU.ActiveCfg = Release|Any CPU
		{97C698FA-B5FC-48BE-9D3F-2AE4486DF947}.Release|Any CPU.Build.0 = Release|Any CPU
		{3E29FAE6-8C81-4761-A60F-C01F7F1C7F93}.Debug|Any CPU.ActiveCfg = Debug|Any CPU
		{3E29FAE6-8C81-4761-A60F-C01F7F1C7F93}.Debug|Any CPU.Build.0 = Debug|Any CPU
		{3E29FAE6-8C81-4761-A60F-C01F7F1C7F93}.Release|Any CPU.ActiveCfg = Release|Any CPU
		{3E29FAE6-8C81-4761-A60F-C01F7F1C7F93}.Release|Any CPU.Build.0 = Release|Any CPU
		{3702DCE9-3F70-4A70-B921-5E3B17E2DFF0}.Debug|Any CPU.ActiveCfg = Debug|Any CPU
		{3702DCE9-3F70-4A70-B921-5E3B17E2DFF0}.Debug|Any CPU.Build.0 = Debug|Any CPU
		{3702DCE9-3F70-4A70-B921-5E3B17E2DFF0}.Release|Any CPU.ActiveCfg = Release|Any CPU
		{3702DCE9-3F70-4A70-B921-5E3B17E2DFF0}.Release|Any CPU.Build.0 = Release|Any CPU
		{DF1973F5-8A03-42A2-A764-B71BCB095324}.Debug|Any CPU.ActiveCfg = Debug|Any CPU
		{DF1973F5-8A03-42A2-A764-B71BCB095324}.Debug|Any CPU.Build.0 = Debug|Any CPU
		{DF1973F5-8A03-42A2-A764-B71BCB095324}.Release|Any CPU.ActiveCfg = Release|Any CPU
		{DF1973F5-8A03-42A2-A764-B71BCB095324}.Release|Any CPU.Build.0 = Release|Any CPU
		{C86E9A76-AE29-459C-B02C-46E3466A3146}.Debug|Any CPU.ActiveCfg = Debug|Any CPU
		{C86E9A76-AE29-459C-B02C-46E3466A3146}.Debug|Any CPU.Build.0 = Debug|Any CPU
		{C86E9A76-AE29-459C-B02C-46E3466A3146}.Release|Any CPU.ActiveCfg = Release|Any CPU
		{C86E9A76-AE29-459C-B02C-46E3466A3146}.Release|Any CPU.Build.0 = Release|Any CPU
		{6DE8EAF8-E3D7-4EFA-BB4A-1A10EE4AD909}.Debug|Any CPU.ActiveCfg = Debug|Any CPU
		{6DE8EAF8-E3D7-4EFA-BB4A-1A10EE4AD909}.Debug|Any CPU.Build.0 = Debug|Any CPU
		{6DE8EAF8-E3D7-4EFA-BB4A-1A10EE4AD909}.Release|Any CPU.ActiveCfg = Release|Any CPU
		{6DE8EAF8-E3D7-4EFA-BB4A-1A10EE4AD909}.Release|Any CPU.Build.0 = Release|Any CPU
	EndGlobalSection
	GlobalSection(SolutionProperties) = preSolution
		HideSolutionNode = FALSE
	EndGlobalSection
	GlobalSection(NestedProjects) = preSolution
		{60DC9E1B-CAC3-41A8-A9E7-1BC5A0B2A251} = {E2EAF55F-1EBC-4604-8AAF-82D7C2F8E3B1}
		{416FDD9E-556D-4CB9-8EF1-2E26B8BF0DCA} = {44F9B562-6D49-4188-818E-E8F9C500FADC}
		{F745F4AE-3C37-415C-8F67-0D621C9D19D7} = {44F9B562-6D49-4188-818E-E8F9C500FADC}
		{FAD62FE0-38FF-4C48-8663-D6036B0E83E0} = {E2EAF55F-1EBC-4604-8AAF-82D7C2F8E3B1}
		{97C698FA-B5FC-48BE-9D3F-2AE4486DF947} = {E2EAF55F-1EBC-4604-8AAF-82D7C2F8E3B1}
		{3E29FAE6-8C81-4761-A60F-C01F7F1C7F93} = {30A7D633-CF8E-4488-B454-0A041C0C7233}
		{3702DCE9-3F70-4A70-B921-5E3B17E2DFF0} = {30A7D633-CF8E-4488-B454-0A041C0C7233}
		{DF1973F5-8A03-42A2-A764-B71BCB095324} = {30A7D633-CF8E-4488-B454-0A041C0C7233}
		{C86E9A76-AE29-459C-B02C-46E3466A3146} = {E2EAF55F-1EBC-4604-8AAF-82D7C2F8E3B1}
		{6DE8EAF8-E3D7-4EFA-BB4A-1A10EE4AD909} = {E2EAF55F-1EBC-4604-8AAF-82D7C2F8E3B1}
	EndGlobalSection
EndGlobal
