
Microsoft Visual Studio Solution File, Format Version 12.00
# Visual Studio 14
VisualStudioVersion = 14.0.25420.1
MinimumVisualStudioVersion = 10.0.40219.1
Project("{2150E333-8FDC-42A3-9474-1A3956D46DE8}") = "Web", "Web", "{6DCD39E9-3914-44FA-B02A-DC0B00734D67}"
EndProject
Project("{2150E333-8FDC-42A3-9474-1A3956D46DE8}") = "Data", "Data", "{ADB3AB17-2F85-4B33-B2A0-14FBEC7738A4}"
EndProject
Project("{2150E333-8FDC-42A3-9474-1A3956D46DE8}") = "Tests", "Tests", "{04F1D20F-2B33-4348-815C-682C13AC5EFD}"
EndProject
Project("{FAE04EC0-301F-11D3-BF4B-00C04F79EFBC}") = "DogeNews.Data", "Data\DogeNews.Data\DogeNews.Data.csproj", "{D764F077-94E9-4C97-86A1-C523472C6AC8}"
EndProject
Project("{FAE04EC0-301F-11D3-BF4B-00C04F79EFBC}") = "DogeNews.Data.Models", "Data\DogeNews.Data.Models\DogeNews.Data.Models.csproj", "{6BFA72F8-752D-4E6A-B936-6100028FE2DD}"
EndProject
Project("{FAE04EC0-301F-11D3-BF4B-00C04F79EFBC}") = "DogeNews.Web.Models", "Web\DogeNews.Web.Models\DogeNews.Web.Models.csproj", "{C013BB66-E626-4D31-AB5D-922732FEDD4D}"
EndProject
Project("{FAE04EC0-301F-11D3-BF4B-00C04F79EFBC}") = "DogeNews.Data.Models.Tests", "Tests\DogeNews.Data.Models.Tests\DogeNews.Data.Models.Tests.csproj", "{846204F8-5692-4CC9-A79B-0B3AA00294BA}"
EndProject
Project("{FAE04EC0-301F-11D3-BF4B-00C04F79EFBC}") = "DogeNews.Data.Tests", "Tests\DogeNews.Data.Tests\DogeNews.Data.Tests.csproj", "{D540063E-43D5-4894-98C5-A2D995B577C1}"
EndProject
Project("{FAE04EC0-301F-11D3-BF4B-00C04F79EFBC}") = "DogeNews.Web.Models.Tests", "Tests\DogeNews.Web.Models.Tests\DogeNews.Web.Models.Tests.csproj", "{305B27D3-B421-41F2-8D54-384212935A7B}"
EndProject
Project("{2150E333-8FDC-42A3-9474-1A3956D46DE8}") = "Common", "Common", "{BBCBA7EC-7DC7-4843-B8C8-CBFB8760DEC8}"
EndProject
Project("{FAE04EC0-301F-11D3-BF4B-00C04F79EFBC}") = "DogeNews.Common", "Common\DogeNews.Common\DogeNews.Common.csproj", "{5FD6DC3F-321D-456A-9DC4-0010EBEBB22B}"
EndProject
Project("{FAE04EC0-301F-11D3-BF4B-00C04F79EFBC}") = "DogeNews.Web.Services", "Web\DogeNews.Web.Services\DogeNews.Web.Services.csproj", "{9AB6148E-CBB0-4F6D-99D6-5E86592E53E0}"
EndProject
Project("{FAE04EC0-301F-11D3-BF4B-00C04F79EFBC}") = "DogeNews.Web.Providers", "Web\DogeNews.Web.Providers\DogeNews.Web.Providers.csproj", "{83ECB9B9-EA2A-475B-94FE-8CC6F0A42634}"
EndProject
Project("{FAE04EC0-301F-11D3-BF4B-00C04F79EFBC}") = "DogeNews.Web.Services.Tests", "Tests\DogeNews.Web.Services.Tests\DogeNews.Web.Services.Tests.csproj", "{0B545AE3-F8A4-4797-AEAE-2B48EA400267}"
EndProject
Project("{FAE04EC0-301F-11D3-BF4B-00C04F79EFBC}") = "DogeNews.Web.Providers.Tests", "Tests\DogeNews.Web.Providers.Tests\DogeNews.Web.Providers.Tests.csproj", "{4E5735AA-2BD1-4927-949D-B17FD0F0F818}"
EndProject
Project("{FAE04EC0-301F-11D3-BF4B-00C04F79EFBC}") = "DogeNews.Web", "Web\DogeNews.Web\DogeNews.Web.csproj", "{7A37A6E1-22F5-4EEB-A60A-FB174B7979C3}"
EndProject
Global
	GlobalSection(SolutionConfigurationPlatforms) = preSolution
		Debug|Any CPU = Debug|Any CPU
		Release|Any CPU = Release|Any CPU
	EndGlobalSection
	GlobalSection(ProjectConfigurationPlatforms) = postSolution
		{D764F077-94E9-4C97-86A1-C523472C6AC8}.Debug|Any CPU.ActiveCfg = Debug|Any CPU
		{D764F077-94E9-4C97-86A1-C523472C6AC8}.Debug|Any CPU.Build.0 = Debug|Any CPU
		{D764F077-94E9-4C97-86A1-C523472C6AC8}.Release|Any CPU.ActiveCfg = Release|Any CPU
		{D764F077-94E9-4C97-86A1-C523472C6AC8}.Release|Any CPU.Build.0 = Release|Any CPU
		{6BFA72F8-752D-4E6A-B936-6100028FE2DD}.Debug|Any CPU.ActiveCfg = Debug|Any CPU
		{6BFA72F8-752D-4E6A-B936-6100028FE2DD}.Debug|Any CPU.Build.0 = Debug|Any CPU
		{6BFA72F8-752D-4E6A-B936-6100028FE2DD}.Release|Any CPU.ActiveCfg = Release|Any CPU
		{6BFA72F8-752D-4E6A-B936-6100028FE2DD}.Release|Any CPU.Build.0 = Release|Any CPU
		{C013BB66-E626-4D31-AB5D-922732FEDD4D}.Debug|Any CPU.ActiveCfg = Debug|Any CPU
		{C013BB66-E626-4D31-AB5D-922732FEDD4D}.Debug|Any CPU.Build.0 = Debug|Any CPU
		{C013BB66-E626-4D31-AB5D-922732FEDD4D}.Release|Any CPU.ActiveCfg = Release|Any CPU
		{C013BB66-E626-4D31-AB5D-922732FEDD4D}.Release|Any CPU.Build.0 = Release|Any CPU
		{846204F8-5692-4CC9-A79B-0B3AA00294BA}.Debug|Any CPU.ActiveCfg = Debug|Any CPU
		{846204F8-5692-4CC9-A79B-0B3AA00294BA}.Debug|Any CPU.Build.0 = Debug|Any CPU
		{846204F8-5692-4CC9-A79B-0B3AA00294BA}.Release|Any CPU.ActiveCfg = Release|Any CPU
		{846204F8-5692-4CC9-A79B-0B3AA00294BA}.Release|Any CPU.Build.0 = Release|Any CPU
		{D540063E-43D5-4894-98C5-A2D995B577C1}.Debug|Any CPU.ActiveCfg = Debug|Any CPU
		{D540063E-43D5-4894-98C5-A2D995B577C1}.Debug|Any CPU.Build.0 = Debug|Any CPU
		{D540063E-43D5-4894-98C5-A2D995B577C1}.Release|Any CPU.ActiveCfg = Release|Any CPU
		{D540063E-43D5-4894-98C5-A2D995B577C1}.Release|Any CPU.Build.0 = Release|Any CPU
		{305B27D3-B421-41F2-8D54-384212935A7B}.Debug|Any CPU.ActiveCfg = Debug|Any CPU
		{305B27D3-B421-41F2-8D54-384212935A7B}.Debug|Any CPU.Build.0 = Debug|Any CPU
		{305B27D3-B421-41F2-8D54-384212935A7B}.Release|Any CPU.ActiveCfg = Release|Any CPU
		{305B27D3-B421-41F2-8D54-384212935A7B}.Release|Any CPU.Build.0 = Release|Any CPU
		{5FD6DC3F-321D-456A-9DC4-0010EBEBB22B}.Debug|Any CPU.ActiveCfg = Debug|Any CPU
		{5FD6DC3F-321D-456A-9DC4-0010EBEBB22B}.Debug|Any CPU.Build.0 = Debug|Any CPU
		{5FD6DC3F-321D-456A-9DC4-0010EBEBB22B}.Release|Any CPU.ActiveCfg = Release|Any CPU
		{5FD6DC3F-321D-456A-9DC4-0010EBEBB22B}.Release|Any CPU.Build.0 = Release|Any CPU
		{9AB6148E-CBB0-4F6D-99D6-5E86592E53E0}.Debug|Any CPU.ActiveCfg = Debug|Any CPU
		{9AB6148E-CBB0-4F6D-99D6-5E86592E53E0}.Debug|Any CPU.Build.0 = Debug|Any CPU
		{9AB6148E-CBB0-4F6D-99D6-5E86592E53E0}.Release|Any CPU.ActiveCfg = Release|Any CPU
		{9AB6148E-CBB0-4F6D-99D6-5E86592E53E0}.Release|Any CPU.Build.0 = Release|Any CPU
		{83ECB9B9-EA2A-475B-94FE-8CC6F0A42634}.Debug|Any CPU.ActiveCfg = Debug|Any CPU
		{83ECB9B9-EA2A-475B-94FE-8CC6F0A42634}.Debug|Any CPU.Build.0 = Debug|Any CPU
		{83ECB9B9-EA2A-475B-94FE-8CC6F0A42634}.Release|Any CPU.ActiveCfg = Release|Any CPU
		{83ECB9B9-EA2A-475B-94FE-8CC6F0A42634}.Release|Any CPU.Build.0 = Release|Any CPU
		{0B545AE3-F8A4-4797-AEAE-2B48EA400267}.Debug|Any CPU.ActiveCfg = Debug|Any CPU
		{0B545AE3-F8A4-4797-AEAE-2B48EA400267}.Debug|Any CPU.Build.0 = Debug|Any CPU
		{0B545AE3-F8A4-4797-AEAE-2B48EA400267}.Release|Any CPU.ActiveCfg = Release|Any CPU
		{0B545AE3-F8A4-4797-AEAE-2B48EA400267}.Release|Any CPU.Build.0 = Release|Any CPU
		{4E5735AA-2BD1-4927-949D-B17FD0F0F818}.Debug|Any CPU.ActiveCfg = Debug|Any CPU
		{4E5735AA-2BD1-4927-949D-B17FD0F0F818}.Debug|Any CPU.Build.0 = Debug|Any CPU
		{4E5735AA-2BD1-4927-949D-B17FD0F0F818}.Release|Any CPU.ActiveCfg = Release|Any CPU
		{4E5735AA-2BD1-4927-949D-B17FD0F0F818}.Release|Any CPU.Build.0 = Release|Any CPU
		{7A37A6E1-22F5-4EEB-A60A-FB174B7979C3}.Debug|Any CPU.ActiveCfg = Debug|Any CPU
		{7A37A6E1-22F5-4EEB-A60A-FB174B7979C3}.Debug|Any CPU.Build.0 = Debug|Any CPU
		{7A37A6E1-22F5-4EEB-A60A-FB174B7979C3}.Release|Any CPU.ActiveCfg = Release|Any CPU
		{7A37A6E1-22F5-4EEB-A60A-FB174B7979C3}.Release|Any CPU.Build.0 = Release|Any CPU
	EndGlobalSection
	GlobalSection(SolutionProperties) = preSolution
		HideSolutionNode = FALSE
	EndGlobalSection
	GlobalSection(NestedProjects) = preSolution
		{D764F077-94E9-4C97-86A1-C523472C6AC8} = {ADB3AB17-2F85-4B33-B2A0-14FBEC7738A4}
		{6BFA72F8-752D-4E6A-B936-6100028FE2DD} = {ADB3AB17-2F85-4B33-B2A0-14FBEC7738A4}
		{C013BB66-E626-4D31-AB5D-922732FEDD4D} = {6DCD39E9-3914-44FA-B02A-DC0B00734D67}
		{846204F8-5692-4CC9-A79B-0B3AA00294BA} = {04F1D20F-2B33-4348-815C-682C13AC5EFD}
		{D540063E-43D5-4894-98C5-A2D995B577C1} = {04F1D20F-2B33-4348-815C-682C13AC5EFD}
		{305B27D3-B421-41F2-8D54-384212935A7B} = {04F1D20F-2B33-4348-815C-682C13AC5EFD}
		{5FD6DC3F-321D-456A-9DC4-0010EBEBB22B} = {BBCBA7EC-7DC7-4843-B8C8-CBFB8760DEC8}
		{9AB6148E-CBB0-4F6D-99D6-5E86592E53E0} = {6DCD39E9-3914-44FA-B02A-DC0B00734D67}
		{83ECB9B9-EA2A-475B-94FE-8CC6F0A42634} = {6DCD39E9-3914-44FA-B02A-DC0B00734D67}
		{0B545AE3-F8A4-4797-AEAE-2B48EA400267} = {04F1D20F-2B33-4348-815C-682C13AC5EFD}
		{4E5735AA-2BD1-4927-949D-B17FD0F0F818} = {04F1D20F-2B33-4348-815C-682C13AC5EFD}
		{7A37A6E1-22F5-4EEB-A60A-FB174B7979C3} = {6DCD39E9-3914-44FA-B02A-DC0B00734D67}
	EndGlobalSection
EndGlobal
